<Solution>
  <Folder Name="/Services/" />
  <Folder Name="/Services/Administration/" />
  <Folder Name="/Services/Administration/src/">
    <Project Path="Services/Administration/src/Administration.Api/Administration.Api.csproj" />
    <Project Path="Services/Administration/src/Administration.Application/Administration.Application.csproj" />
    <Project Path="Services/Administration/src/Administration.Domain/Administration.Domain.csproj" />
    <Project Path="Services/Administration/src/Administration.Infrastructure/Administration.Infrastructure.csproj" />
  </Folder>
  <Folder Name="/Services/BudgetPlanning/" />
  <Folder Name="/Services/BudgetPlanning/src/">
    <Project Path="Services/BudgetPlanning/src/BudgetPlanning.Api/BudgetPlanning.Api.csproj" />
    <Project Path="Services/BudgetPlanning/src/BudgetPlanning.Application/BudgetPlanning.Application.csproj" />
    <Project Path="Services/BudgetPlanning/src/BudgetPlanning.Domain/BudgetPlanning.Domain.csproj" />
    <Project Path="Services/BudgetPlanning/src/BudgetPlanning.Infrastructure/BudgetPlanning.Infrastructure.csproj" />
  </Folder>
  <Folder Name="/Services/Communication/" />
  <Folder Name="/Services/Communication/src/">
    <Project Path="Services/Communication/src/Communication.Api/Communication.Api.csproj" />
    <Project Path="Services/Communication/src/Communication.Application/Communication.Application.csproj" />
    <Project Path="Services/Communication/src/Communication.Domain/Communication.Domain.csproj" />
    <Project Path="Services/Communication/src/Communication.Infrastructure/Communication.Infrastructure.csproj" />
  </Folder>
  <Folder Name="/Services/DocumentShare/" />
  <Folder Name="/Services/DocumentShare/src/">
    <Project Path="Services/DocumentShare/src/DocumentShare.Api/DocumentShare.Api.csproj" />
    <Project Path="Services/DocumentShare/src/DocumentShare.Application/DocumentShare.Application.csproj" />
    <Project Path="Services/DocumentShare/src/DocumentShare.Domain/DocumentShare.Domain.csproj" />
    <Project Path="Services/DocumentShare/src/DocumentShare.Infrastructure/DocumentShare.Infrastructure.csproj" />
  </Folder>
  <Folder Name="/Services/Iam/" />
  <Folder Name="/Services/Iam/src/">
    <Project Path="Services/Iam/src/Iam.Api/Iam.Api.csproj" />
    <Project Path="Services/Iam/src/Iam.Application/Iam.Application.csproj" />
    <Project Path="Services/Iam/src/Iam.Domain/Iam.Domain.csproj" />
    <Project Path="Services/Iam/src/Iam.Infrastructure/Iam.Infrastructure.csproj" />
  </Folder>
  <Folder Name="/Services/Identity/" />
  <Folder Name="/Services/Identity/src/">
    <Project Path="Services/Identity/src/Identity.Api/Identity.Api.csproj" />
    <Project Path="Services/Identity/src/Identity.Application/Identity.Application.csproj" />
    <Project Path="Services/Identity/src/Identity.Domain/Identity.Domain.csproj" />
    <Project Path="Services/Identity/src/Identity.Infrastructure/Identity.Infrastructure.csproj" />
  </Folder>
  <Folder Name="/Services/Inspectorate/" />
  <Folder Name="/Services/Inspectorate/src/">
    <Project Path="Services/Inspectorate/src/Inspectorate.Api/Inspectorate.Api.csproj" />
    <Project Path="Services/Inspectorate/src/Inspectorate.Application/Inspectorate.Application.csproj" />
    <Project Path="Services/Inspectorate/src/Inspectorate.Domain/Inspectorate.Domain.csproj" />
    <Project Path="Services/Inspectorate/src/Inspectorate.Infrastructure/Inspectorate.Infrastructure.csproj" />
  </Folder>
  <Folder Name="/Services/IssueReceipt/" />
  <Folder Name="/Services/IssueReceipt/src/">
    <Project Path="Services/IssueReceipt/src/IssueReceipt.Api/IssueReceipt.Api.csproj" />
    <Project Path="Services/IssueReceipt/src/IssueReceipt.Application/IssueReceipt.Application.csproj" />
    <Project Path="Services/IssueReceipt/src/IssueReceipt.Domain/IssueReceipt.Domain.csproj" />
    <Project Path="Services/IssueReceipt/src/IssueReceipt.Infrastructure/IssueReceipt.Infrastructure.csproj" />
  </Folder>
  <Folder Name="/Services/Procurement/" />
  <Folder Name="/Services/Procurement/src/">
    <Project Path="Services/Procurement/src/Procurement.Api/Procurement.Api.csproj" />
    <Project Path="Services/Procurement/src/Procurement.Application/Procurement.Application.csproj" />
    <Project Path="Services/Procurement/src/Procurement.Domain/Procurement.Domain.csproj" />
    <Project Path="Services/Procurement/src/Procurement.Infrastructure/Procurement.Infrastructure.csproj" />
  </Folder>
  <Folder Name="/Services/RepairMaintenance/" />
  <Folder Name="/Services/RepairMaintenance/src/">
    <Project Path="Services/RepairMaintenance/src/RepairMaintenance.Api/RepairMaintenance.Api.csproj" />
    <Project Path="Services/RepairMaintenance/src/RepairMaintenance.Application/RepairMaintenance.Application.csproj" />
    <Project Path="Services/RepairMaintenance/src/RepairMaintenance.Domain/RepairMaintenance.Domain.csproj" />
    <Project Path="Services/RepairMaintenance/src/RepairMaintenance.Infrastructure/RepairMaintenance.Infrastructure.csproj" />
  </Folder>
  <Folder Name="/Services/Reporting/" />
  <Folder Name="/Services/Reporting/src/">
    <Project Path="Services/Reporting/src/Reporting.Api/Reporting.Api.csproj" />
    <Project Path="Services/Reporting/src/Reporting.Application/Reporting.Application.csproj" />
    <Project Path="Services/Reporting/src/Reporting.Domain/Reporting.Domain.csproj" />
    <Project Path="Services/Reporting/src/Reporting.Infrastructure/Reporting.Infrastructure.csproj" />
  </Folder>
  <Folder Name="/Services/Salvage/" />
  <Folder Name="/Services/Salvage/src/">
    <Project Path="Services/Salvage/src/Salvage.Api/Salvage.Api.csproj" />
    <Project Path="Services/Salvage/src/Salvage.Application/Salvage.Application.csproj" />
    <Project Path="Services/Salvage/src/Salvage.Domain/Salvage.Domain.csproj" />
    <Project Path="Services/Salvage/src/Salvage.Infrastructure/Salvage.Infrastructure.csproj" />
  </Folder>
  <Folder Name="/Services/StoreHouse/" />
  <Folder Name="/Services/StoreHouse/src/">
    <Project Path="Services/StoreHouse/src/StoreHouse.Api/StoreHouse.Api.csproj" />
    <Project Path="Services/StoreHouse/src/StoreHouse.Application/StoreHouse.Application.csproj" />
    <Project Path="Services/StoreHouse/src/StoreHouse.Domain/StoreHouse.Domain.csproj" />
    <Project Path="Services/StoreHouse/src/StoreHouse.Infrastructure/StoreHouse.Infrastructure.csproj" />
  </Folder>
  <Folder Name="/Services/TrafficSecurity/" />
  <Folder Name="/Services/TrafficSecurity/src/">
    <Project Path="Services/TrafficSecurity/src/TrafficSecurity.Api/TrafficSecurity.Api.csproj" />
    <Project Path="Services/TrafficSecurity/src/TrafficSecurity.Application/TrafficSecurity.Application.csproj" />
    <Project Path="Services/TrafficSecurity/src/TrafficSecurity.Domain/TrafficSecurity.Domain.csproj" />
    <Project Path="Services/TrafficSecurity/src/TrafficSecurity.Infrastructure/TrafficSecurity.Infrastructure.csproj" />
  </Folder>
  <Folder Name="/Shared/" />
  <Folder Name="/Shared/AI/">
    <Project Path="Shared/AI/Usm.Shared.AI.csproj" />
  </Folder>
  <Folder Name="/Shared/AI.EngineClient/">
    <Project Path="Shared/AI.EngineClient/Usm.Shared.AI.EngineClient.csproj" />
  </Folder>
  <Folder Name="/Samples/" />
  <Folder Name="/Samples/AIEngineDemo/">
    <Project Path="Samples/AIEngineDemo/AIEngineDemo.csproj" />
  </Folder>
  <Folder Name="/Samples/PythonBridgeDemo/">
    <Project Path="Samples/PythonBridgeDemo/PythonBridgeDemo.csproj" />
  </Folder>
  <Folder Name="/Shared/Algorithms/" />
  <Folder Name="/Shared/Algorithms/Collections/" />
  <Folder Name="/Shared/Algorithms/Collections/BloomFilter.Benchmarks/">
    <Project Path="Shared/Algorithms/Collections/BloomFilter.Benchmarks/Usm.Shared.Algorithms.Collections.BloomFilter.Benchmarks.csproj" />
  </Folder>
  <Folder Name="/Shared/Algorithms/Collections/BloomFilter.Tests/">
    <Project Path="Shared/Algorithms/Collections/BloomFilter.Tests/Usm.Shared.Algorithms.Collections.BloomFilter.Tests.csproj" />
  </Folder>
  <Folder Name="/Shared/Algorithms/Collections/BloomFilter/">
    <Project Path="Shared/Algorithms/Collections/BloomFilter/Usm.Shared.Algorithms.Collections.BloomFilter.csproj" />
  </Folder>
  <Folder Name="/Shared/Algorithms/Collections/BTree.Benchmarks/">
    <Project Path="Shared/Algorithms/Collections/BTree.Benchmarks/Usm.Shared.Algorithms.Collections.BTree.Benchmarks.csproj" />
  </Folder>
  <Folder Name="/Shared/Algorithms/Collections/BTree.Tests/">
    <Project Path="Shared/Algorithms/Collections/BTree.Tests/Usm.Shared.Algorithms.Collections.BTree.Tests.csproj" />
  </Folder>
  <Folder Name="/Shared/Algorithms/Collections/BTree/">
    <Project Path="Shared/Algorithms/Collections/BTree/Usm.Shared.Algorithms.Collections.BTree.csproj" />
  </Folder>
  <Folder Name="/Shared/Algorithms/Collections/CircularBuffer.Benchmarks/">
    <Project Path="Shared/Algorithms/Collections/CircularBuffer.Benchmarks/Usm.Shared.Algorithms.Collections.CircularBuffer.Benchmarks.csproj" />
  </Folder>
  <Folder Name="/Shared/Algorithms/Collections/CircularBuffer.Tests/">
    <Project Path="Shared/Algorithms/Collections/CircularBuffer.Tests/Usm.Shared.Algorithms.Collections.CircularBuffer.Tests.csproj" />
  </Folder>
  <Folder Name="/Shared/Algorithms/Collections/CircularBuffer/">
    <Project Path="Shared/Algorithms/Collections/CircularBuffer/Usm.Shared.Algorithms.Collections.CircularBuffer.csproj" />
  </Folder>
  <Folder Name="/Shared/Algorithms/Collections/DisjointSet.Benchmarks/">
    <Project Path="Shared/Algorithms/Collections/DisjointSet.Benchmarks/Usm.Shared.Algorithms.Collections.DisjointSet.Benchmarks.csproj" />
  </Folder>
  <Folder Name="/Shared/Algorithms/Collections/DisjointSet.Tests/">
    <Project Path="Shared/Algorithms/Collections/DisjointSet.Tests/Usm.Shared.Algorithms.Collections.DisjointSet.Tests.csproj" />
  </Folder>
  <Folder Name="/Shared/Algorithms/Collections/DisjointSet/">
    <Project Path="Shared/Algorithms/Collections/DisjointSet/Usm.Shared.Algorithms.Collections.DisjointSet.csproj" />
  </Folder>
  <Folder Name="/Shared/Algorithms/Collections/FenwickTree.Benchmarks/">
    <Project Path="Shared/Algorithms/Collections/FenwickTree.Benchmarks/Usm.Shared.Algorithms.Collections.FenwickTree.Benchmarks.csproj" />
  </Folder>
  <Folder Name="/Shared/Algorithms/Collections/FenwickTree.Tests/">
    <Project Path="Shared/Algorithms/Collections/FenwickTree.Tests/Usm.Shared.Algorithms.Collections.FenwickTree.Tests.csproj" />
  </Folder>
  <Folder Name="/Shared/Algorithms/Collections/FenwickTree/">
    <Project Path="Shared/Algorithms/Collections/FenwickTree/Usm.Shared.Algorithms.Collections.FenwickTree.csproj" />
  </Folder>
  <Folder Name="/Shared/Algorithms/Collections/IntervalTree.Benchmarks/">
    <Project Path="Shared/Algorithms/Collections/IntervalTree.Benchmarks/Usm.Shared.Algorithms.Collections.IntervalTree.Benchmarks.csproj" />
  </Folder>
  <Folder Name="/Shared/Algorithms/Collections/IntervalTree.Tests/">
    <Project Path="Shared/Algorithms/Collections/IntervalTree.Tests/Usm.Shared.Algorithms.Collections.IntervalTree.Tests.csproj" />
  </Folder>
  <Folder Name="/Shared/Algorithms/Collections/IntervalTree/">
    <Project Path="Shared/Algorithms/Collections/IntervalTree/Usm.Shared.Algorithms.Collections.IntervalTree.csproj" />
  </Folder>
  <Folder Name="/Shared/Algorithms/Collections/KdTree.Benchmarks/">
    <Project Path="Shared/Algorithms/Collections/KdTree.Benchmarks/Usm.Shared.Algorithms.Collections.KdTree.Benchmarks.csproj" />
  </Folder>
  <Folder Name="/Shared/Algorithms/Collections/KdTree.Tests/">
    <Project Path="Shared/Algorithms/Collections/KdTree.Tests/Usm.Shared.Algorithms.Collections.KdTree.Tests.csproj" />
  </Folder>
  <Folder Name="/Shared/Algorithms/Collections/KdTree/">
    <Project Path="Shared/Algorithms/Collections/KdTree/Usm.Shared.Algorithms.Collections.KdTree.csproj" />
  </Folder>
  <Folder Name="/Shared/Algorithms/Collections/PriorityQueue.Benchmarks/">
    <Project Path="Shared/Algorithms/Collections/PriorityQueue.Benchmarks/Usm.Shared.Algorithms.Collections.PriorityQueue.Benchmarks.csproj" />
  </Folder>
  <Folder Name="/Shared/Algorithms/Collections/PriorityQueue.Tests/">
    <Project Path="Shared/Algorithms/Collections/PriorityQueue.Tests/Usm.Shared.Algorithms.Collections.PriorityQueue.Tests.csproj" />
  </Folder>
  <Folder Name="/Shared/Algorithms/Collections/PriorityQueue/">
    <Project Path="Shared/Algorithms/Collections/PriorityQueue/Usm.Shared.Algorithms.Collections.PriorityQueue.csproj" />
  </Folder>
  <Folder Name="/Shared/Algorithms/Collections/SegmentTree.Benchmarks/">
    <Project Path="Shared/Algorithms/Collections/SegmentTree.Benchmarks/Usm.Shared.Algorithms.Collections.SegmentTree.Benchmarks.csproj" />
  </Folder>
  <Folder Name="/Shared/Algorithms/Collections/SegmentTree.Tests/">
    <Project Path="Shared/Algorithms/Collections/SegmentTree.Tests/Usm.Shared.Algorithms.Collections.SegmentTree.Tests.csproj" />
  </Folder>
  <Folder Name="/Shared/Algorithms/Collections/SegmentTree/">
    <Project Path="Shared/Algorithms/Collections/SegmentTree/Usm.Shared.Algorithms.Collections.SegmentTree.csproj" />
  </Folder>
  <Folder Name="/Shared/Algorithms/Collections/Trie.Benchmarks/">
    <Project Path="Shared/Algorithms/Collections/Trie.Benchmarks/Usm.Shared.Algorithms.Collections.Trie.Benchmarks.csproj" />
  </Folder>
  <Folder Name="/Shared/Algorithms/Collections/Trie.Tests/">
    <Project Path="Shared/Algorithms/Collections/Trie.Tests/Usm.Shared.Algorithms.Collections.Trie.Tests.csproj" />
  </Folder>
  <Folder Name="/Shared/Algorithms/Collections/Trie/">
    <Project Path="Shared/Algorithms/Collections/Trie/Usm.Shared.Algorithms.Collections.Trie.csproj" />
  </Folder>
  <Folder Name="/Shared/Algorithms/Compression.Benchmarks/">
    <Project Path="Shared/Algorithms/Compression.Benchmarks/Usm.Shared.Algorithms.Compression.Benchmarks.csproj" />
  </Folder>
  <Folder Name="/Shared/Algorithms/Compression.Tests/">
    <Project Path="Shared/Algorithms/Compression.Tests/Usm.Shared.Algorithms.Compression.Tests.csproj" />
  </Folder>
  <Folder Name="/Shared/Algorithms/Compression/">
    <Project Path="Shared/Algorithms/Compression/Usm.Shared.Algorithms.Compression.csproj" />
  </Folder>
  <Folder Name="/Shared/Algorithms/Distributed.Benchmarks/">
    <Project Path="Shared/Algorithms/Distributed.Benchmarks/Usm.Shared.Algorithms.Distributed.Benchmarks.csproj" />
  </Folder>
  <Folder Name="/Shared/Algorithms/Distributed.Tests/">
    <Project Path="Shared/Algorithms/Distributed.Tests/Usm.Shared.Algorithms.Distributed.Tests.csproj" />
  </Folder>
  <Folder Name="/Shared/Algorithms/Distributed/">
    <Project Path="Shared/Algorithms/Distributed/Usm.Shared.Algorithms.Distributed.csproj" />
  </Folder>
  <Folder Name="/Shared/Algorithms/Graphs.Benchmarks/">
    <Project Path="Shared/Algorithms/Graphs.Benchmarks/Usm.Shared.Algorithms.Graphs.Benchmarks.csproj" />
  </Folder>
  <Folder Name="/Shared/Algorithms/Graphs.Tests/">
    <Project Path="Shared/Algorithms/Graphs.Tests/Usm.Shared.Algorithms.Graphs.Tests.csproj" />
  </Folder>
  <Folder Name="/Shared/Algorithms/Graphs/">
    <Project Path="Shared/Algorithms/Graphs/Usm.Shared.Algorithms.Graphs.csproj" />
  </Folder>
  <Folder Name="/Shared/Algorithms/Parsing.Benchmarks/">
    <Project Path="Shared/Algorithms/Parsing.Benchmarks/Usm.Shared.Algorithms.Parsing.Benchmarks.csproj" />
  </Folder>
  <Folder Name="/Shared/Algorithms/Parsing.Tests/">
    <Project Path="Shared/Algorithms/Parsing.Tests/Usm.Shared.Algorithms.Parsing.Tests.csproj" />
  </Folder>
  <Folder Name="/Shared/Algorithms/Parsing/">
    <Project Path="Shared/Algorithms/Parsing/Usm.Shared.Algorithms.Parsing.csproj" />
  </Folder>
  <Folder Name="/Shared/Algorithms/Searching.Benchmarks/">
    <Project Path="Shared/Algorithms/Searching.Benchmarks/Usm.Shared.Algorithms.Searching.Benchmarks.csproj" />
  </Folder>
  <Folder Name="/Shared/Algorithms/Searching.Tests/">
    <Project Path="Shared/Algorithms/Searching.Tests/Usm.Shared.Algorithms.Searching.Tests.csproj" />
  </Folder>
  <Folder Name="/Shared/Algorithms/Searching/">
    <Project Path="Shared/Algorithms/Searching/Usm.Shared.Algorithms.Searching.csproj" />
  </Folder>
  <Folder Name="/Shared/Algorithms/Sorting.Benchmarks/">
    <Project Path="Shared/Algorithms/Sorting.Benchmarks/Usm.Shared.Algorithms.Sorting.Benchmarks.csproj" />
  </Folder>
  <Folder Name="/Shared/Algorithms/Sorting.Tests/">
    <Project Path="Shared/Algorithms/Sorting.Tests/Usm.Shared.Algorithms.Sorting.Tests.csproj" />
  </Folder>
  <Folder Name="/Shared/Algorithms/Sorting/">
    <Project Path="Shared/Algorithms/Sorting/Usm.Shared.Algorithms.Sorting.csproj" />
  </Folder>
  <Folder Name="/Shared/Algorithms/Strings.Benchmarks/">
    <Project Path="Shared/Algorithms/Strings.Benchmarks/Usm.Shared.Algorithms.Strings.Benchmarks.csproj" />
  </Folder>
  <Folder Name="/Shared/Algorithms/Strings.Tests/">
    <Project Path="Shared/Algorithms/Strings.Tests/Usm.Shared.Algorithms.Strings.Tests.csproj" />
  </Folder>
  <Folder Name="/Shared/Algorithms/Strings/">
    <Project Path="Shared/Algorithms/Strings/Usm.Shared.Algorithms.Strings.csproj" />
  </Folder>
  <Folder Name="/Shared/BuildingBlocks/" />
  <Folder Name="/Shared/BuildingBlocks/BackgroundJobs/">
    <Project Path="Shared/BuildingBlocks/BackgroundJobs/Usm.Shared.BuildingBlocks.BackgroundJobs.csproj" />
  </Folder>
  <Folder Name="/Shared/BuildingBlocks/BackgroundJobs.Tests/">
    <Project Path="Shared/BuildingBlocks/BackgroundJobs.Tests/Usm.Shared.BuildingBlocks.BackgroundJobs.Tests.csproj" />
  </Folder>
  <Folder Name="/Shared/BuildingBlocks/Bootstrap/">
    <Project Path="Shared/BuildingBlocks/Bootstrap/Usm.Shared.BuildingBlocks.Bootstrap.csproj" />
  </Folder>
  <Folder Name="/Shared/BuildingBlocks/Grpc/">
    <Project Path="Shared/BuildingBlocks/Grpc/Usm.Shared.BuildingBlocks.Grpc.csproj" />
  </Folder>
  <Folder Name="/Shared/BuildingBlocks/Localization/">
    <Project Path="Shared/BuildingBlocks/Localization/Usm.Shared.BuildingBlocks.Localization.csproj" />
  </Folder>
  <Folder Name="/Shared/BuildingBlocks/Messaging/">
    <Project Path="Shared/BuildingBlocks/Messaging/Usm.Shared.BuildingBlocks.Messaging.csproj" />
  </Folder>
  <Folder Name="/Shared/BuildingBlocks/Multitenancy/">
    <Project Path="Shared/BuildingBlocks/Multitenancy/Usm.Shared.BuildingBlocks.Multitenancy.csproj" />
  </Folder>
  <Folder Name="/Shared/BuildingBlocks/Observability/">
    <Project Path="Shared/BuildingBlocks/Observability/Usm.Shared.BuildingBlocks.Observability.csproj" />
  </Folder>
  <Folder Name="/Shared/BuildingBlocks/Persistence.Migrations/">
    <Project Path="Shared/BuildingBlocks/Persistence.Migrations/Usm.Shared.BuildingBlocks.Persistence.Migrations.csproj" />
  </Folder>
  <Folder Name="/Shared/BuildingBlocks/Security.Mtls/">
    <Project Path="Shared/BuildingBlocks/Security.Mtls/Usm.Shared.BuildingBlocks.Security.Mtls.csproj" />
  </Folder>
  <Folder Name="/Shared/BuildingBlocks/Validation/">
    <Project Path="Shared/BuildingBlocks/Validation/Usm.Shared.BuildingBlocks.Validation.csproj" />
  </Folder>
  <Folder Name="/Shared/CDN/">
    <Project Path="Shared/CDN/Usm.Shared.Infrastructure.CDN.csproj" />
  </Folder>
  <Folder Name="/Shared/Contracts/" />
  <Folder Name="/Shared/Contracts/Events/">
    <Project Path="Shared/Contracts/Events/Usm.Shared.Contracts.Events.csproj" />
  </Folder>
  <Folder Name="/Shared/Contracts/Grpc/">
    <Project Path="Shared/Contracts/Grpc/Usm.Shared.Contracts.Grpc.csproj" />
  </Folder>
  <Folder Name="/Shared/Contracts/Localization/">
    <Project Path="Shared/Contracts/Localization/Usm.Shared.Contracts.Localization.csproj" />
  </Folder>
  <Folder Name="/Shared/Data/" />
  <Folder Name="/Shared/Data/DbContextExtensions/">
    <Project Path="Shared/Data/DbContextExtensions/Usm.Shared.Data.DbContextExtensions.csproj" />
  </Folder>
  <Folder Name="/Shared/Data/Scalability/">
    <Project Path="Shared/Data/Scalability/Usm.Shared.Data.Scalability.csproj" />
  </Folder>
  <Folder Name="/Shared/Caching/">
    <Project Path="Shared/Caching/Usm.Shared.Caching.csproj" />
  </Folder>
  <Folder Name="/Shared/EntityFramework/" />
  <Folder Name="/Shared/EntityFramework/Caching/">
    <Project Path="Shared/EntityFramework/Caching/Usm.Shared.EntityFramework.Caching.csproj" />
  </Folder>
  <Folder Name="/Shared/Http/" />
  <Folder Name="/Shared/Http/ResponseCaching/">
    <Project Path="Shared/Http/ResponseCaching/Usm.Shared.Http.ResponseCaching.csproj" />
  </Folder>
  <Folder Name="/Shared/Federation/" />
  <Folder Name="/Shared/Federation/GrpcFederation.Abstractions/">
    <Project Path="Shared/Federation/GrpcFederation.Abstractions/Usm.Shared.Federation.GrpcFederation.Abstractions.csproj" />
  </Folder>
  <Folder Name="/Shared/Federation/GrpcFederation.Client/">
    <Project Path="Shared/Federation/GrpcFederation.Client/Usm.Shared.Federation.GrpcFederation.Client.csproj" />
  </Folder>
  <Folder Name="/Shared/Federation/GrpcFederation.Server/">
    <Project Path="Shared/Federation/GrpcFederation.Server/Usm.Shared.Federation.GrpcFederation.Server.csproj" />
  </Folder>
  <Folder Name="/Shared/Patterns/" />
  <Folder Name="/Shared/Patterns/Cache.Benchmarks/">
    <Project Path="Shared/Patterns/Cache.Benchmarks/Usm.Shared.Patterns.Cache.Benchmarks.csproj" />
  </Folder>
  <Folder Name="/Shared/Patterns/Cache.Tests/">
    <Project Path="Shared/Patterns/Cache.Tests/Usm.Shared.Patterns.Cache.Tests.csproj" />
  </Folder>
  <Folder Name="/Shared/Patterns/Cache/">
    <Project Path="Shared/Patterns/Cache/Usm.Shared.Patterns.Cache.csproj" />
  </Folder>
  <Folder Name="/Shared/Patterns/CircuitBreaker.Benchmarks/">
    <Project Path="Shared/Patterns/CircuitBreaker.Benchmarks/Usm.Shared.Patterns.CircuitBreaker.Benchmarks.csproj" />
  </Folder>
  <Folder Name="/Shared/Patterns/CircuitBreaker.Tests/">
    <Project Path="Shared/Patterns/CircuitBreaker.Tests/Usm.Shared.Patterns.CircuitBreaker.Tests.csproj" />
  </Folder>
  <Folder Name="/Shared/Patterns/CircuitBreaker/">
    <Project Path="Shared/Patterns/CircuitBreaker/Usm.Shared.Patterns.CircuitBreaker.csproj" />
  </Folder>
  <Folder Name="/Shared/Patterns/EventBus.Benchmarks/">
    <Project Path="Shared/Patterns/EventBus.Benchmarks/Usm.Shared.Patterns.EventBus.Benchmarks.csproj" />
  </Folder>
  <Folder Name="/Shared/Patterns/EventBus.Tests/">
    <Project Path="Shared/Patterns/EventBus.Tests/Usm.Shared.Patterns.EventBus.Tests.csproj" />
  </Folder>
  <Folder Name="/Shared/Patterns/EventBus/">
    <Project Path="Shared/Patterns/EventBus/Usm.Shared.Patterns.EventBus.csproj" />
  </Folder>
  <Folder Name="/Shared/Patterns/Factory.Benchmarks/">
    <Project Path="Shared/Patterns/Factory.Benchmarks/Usm.Shared.Patterns.Factory.Benchmarks.csproj" />
  </Folder>
  <Folder Name="/Shared/Patterns/Factory.Tests/">
    <Project Path="Shared/Patterns/Factory.Tests/Usm.Shared.Patterns.Factory.Tests.csproj" />
  </Folder>
  <Folder Name="/Shared/Patterns/Factory/">
    <Project Path="Shared/Patterns/Factory/Usm.Shared.Patterns.Factory.csproj" />
  </Folder>
  <Folder Name="/Shared/Patterns/Inbox.Benchmarks/">
    <Project Path="Shared/Patterns/Inbox.Benchmarks/Usm.Shared.Patterns.Inbox.Benchmarks.csproj" />
  </Folder>
  <Folder Name="/Shared/Patterns/Inbox.Tests/">
    <Project Path="Shared/Patterns/Inbox.Tests/Usm.Shared.Patterns.Inbox.Tests.csproj" />
  </Folder>
  <Folder Name="/Shared/Patterns/Inbox/">
    <Project Path="Shared/Patterns/Inbox/Usm.Shared.Patterns.Inbox.csproj" />
  </Folder>
  <Folder Name="/Shared/Patterns/Outbox.Benchmarks/">
    <Project Path="Shared/Patterns/Outbox.Benchmarks/Usm.Shared.Patterns.Outbox.Benchmarks.csproj" />
  </Folder>
  <Folder Name="/Shared/Patterns/Outbox.Tests/">
    <Project Path="Shared/Patterns/Outbox.Tests/Usm.Shared.Patterns.Outbox.Tests.csproj" />
  </Folder>
  <Folder Name="/Shared/Patterns/Outbox/">
    <Project Path="Shared/Patterns/Outbox/Usm.Shared.Patterns.Outbox.csproj" />
  </Folder>
  <Folder Name="/Shared/Patterns/Pipeline.Benchmarks/">
    <Project Path="Shared/Patterns/Pipeline.Benchmarks/Usm.Shared.Patterns.Pipeline.Benchmarks.csproj" />
  </Folder>
  <Folder Name="/Shared/Patterns/Pipeline.Tests/">
    <Project Path="Shared/Patterns/Pipeline.Tests/Usm.Shared.Patterns.Pipeline.Tests.csproj" />
  </Folder>
  <Folder Name="/Shared/Patterns/Pipeline/">
    <Project Path="Shared/Patterns/Pipeline/Usm.Shared.Patterns.Pipeline.csproj" />
  </Folder>
  <Folder Name="/Shared/Patterns/Plugin.Benchmarks/">
    <Project Path="Shared/Patterns/Plugin.Benchmarks/Usm.Shared.Patterns.Plugin.Benchmarks.csproj" />
  </Folder>
  <Folder Name="/Shared/Patterns/Plugin.Tests/">
    <Project Path="Shared/Patterns/Plugin.Tests/Usm.Shared.Patterns.Plugin.Tests.csproj" />
  </Folder>
  <Folder Name="/Shared/Patterns/Plugin/">
    <Project Path="Shared/Patterns/Plugin/Usm.Shared.Patterns.Plugin.csproj" />
  </Folder>
  <Folder Name="/Shared/Patterns/RateLimiter.Benchmarks/">
    <Project Path="Shared/Patterns/RateLimiter.Benchmarks/Usm.Shared.Patterns.RateLimiter.Benchmarks.csproj" />
  </Folder>
  <Folder Name="/Shared/Patterns/RateLimiter.Tests/">
    <Project Path="Shared/Patterns/RateLimiter.Tests/Usm.Shared.Patterns.RateLimiter.Tests.csproj" />
  </Folder>
  <Folder Name="/Shared/Patterns/RateLimiter/">
    <Project Path="Shared/Patterns/RateLimiter/Usm.Shared.Patterns.RateLimiter.csproj" />
  </Folder>
  <Folder Name="/Shared/Patterns/Retry.Benchmarks/">
    <Project Path="Shared/Patterns/Retry.Benchmarks/Usm.Shared.Patterns.Retry.Benchmarks.csproj" />
  </Folder>
  <Folder Name="/Shared/Patterns/Retry.Tests/">
    <Project Path="Shared/Patterns/Retry.Tests/Usm.Shared.Patterns.Retry.Tests.csproj" />
  </Folder>
  <Folder Name="/Shared/Patterns/Retry/">
    <Project Path="Shared/Patterns/Retry/Usm.Shared.Patterns.Retry.csproj" />
  </Folder>
  <Folder Name="/Shared/Patterns/RuleEngine.Benchmarks/">
    <Project Path="Shared/Patterns/RuleEngine.Benchmarks/Usm.Shared.Patterns.RuleEngine.Benchmarks.csproj" />
  </Folder>
  <Folder Name="/Shared/Patterns/RuleEngine.Tests/">
    <Project Path="Shared/Patterns/RuleEngine.Tests/Usm.Shared.Patterns.RuleEngine.Tests.csproj" />
  </Folder>
  <Folder Name="/Shared/Patterns/RuleEngine/">
    <Project Path="Shared/Patterns/RuleEngine/Usm.Shared.Patterns.RuleEngine.csproj" />
  </Folder>
  <Folder Name="/Shared/Patterns/Saga.Benchmarks/">
    <Project Path="Shared/Patterns/Saga.Benchmarks/Usm.Shared.Patterns.Saga.Benchmarks.csproj" />
  </Folder>
  <Folder Name="/Shared/Patterns/Saga.Tests/">
    <Project Path="Shared/Patterns/Saga.Tests/Usm.Shared.Patterns.Saga.Tests.csproj" />
  </Folder>
  <Folder Name="/Shared/Patterns/Saga/">
    <Project Path="Shared/Patterns/Saga/Usm.Shared.Patterns.Saga.csproj" />
  </Folder>
  <Folder Name="/Shared/Patterns/Scheduler.Benchmarks/">
    <Project Path="Shared/Patterns/Scheduler.Benchmarks/Usm.Shared.Patterns.Scheduler.Benchmarks.csproj" />
  </Folder>
  <Folder Name="/Shared/Patterns/Scheduler.Tests/">
    <Project Path="Shared/Patterns/Scheduler.Tests/Usm.Shared.Patterns.Scheduler.Tests.csproj" />
  </Folder>
  <Folder Name="/Shared/Patterns/Scheduler/">
    <Project Path="Shared/Patterns/Scheduler/Usm.Shared.Patterns.Scheduler.csproj" />
  </Folder>
  <Folder Name="/Shared/Patterns/Specification.Benchmarks/">
    <Project Path="Shared/Patterns/Specification.Benchmarks/Usm.Shared.Patterns.Specification.Benchmarks.csproj" />
  </Folder>
  <Folder Name="/Shared/Patterns/Specification.Tests/">
    <Project Path="Shared/Patterns/Specification.Tests/Usm.Shared.Patterns.Specification.Tests.csproj" />
  </Folder>
  <Folder Name="/Shared/Patterns/Specification/">
    <Project Path="Shared/Patterns/Specification/Usm.Shared.Patterns.Specification.csproj" />
  </Folder>
  <Folder Name="/Shared/Patterns/StateMachine.Benchmarks/">
    <Project Path="Shared/Patterns/StateMachine.Benchmarks/Usm.Shared.Patterns.StateMachine.Benchmarks.csproj" />
  </Folder>
  <Folder Name="/Shared/Patterns/StateMachine.Tests/">
    <Project Path="Shared/Patterns/StateMachine.Tests/Usm.Shared.Patterns.StateMachine.Tests.csproj" />
  </Folder>
  <Folder Name="/Shared/Patterns/StateMachine/">
    <Project Path="Shared/Patterns/StateMachine/Usm.Shared.Patterns.StateMachine.csproj" />
  </Folder>
  <Folder Name="/Shared/Patterns/Strategy.Benchmarks/">
    <Project Path="Shared/Patterns/Strategy.Benchmarks/Usm.Shared.Patterns.Strategy.Benchmarks.csproj" />
  </Folder>
  <Folder Name="/Shared/Patterns/Strategy.Tests/">
    <Project Path="Shared/Patterns/Strategy.Tests/Usm.Shared.Patterns.Strategy.Tests.csproj" />
  </Folder>
  <Folder Name="/Shared/Patterns/Strategy/">
    <Project Path="Shared/Patterns/Strategy/Usm.Shared.Patterns.Strategy.csproj" />
  </Folder>
  <Folder Name="/Shared/Patterns/Workflow.Benchmarks/">
    <Project Path="Shared/Patterns/Workflow.Benchmarks/Usm.Shared.Patterns.Workflow.Benchmarks.csproj" />
  </Folder>
  <Folder Name="/Shared/Patterns/Workflow.Tests/">
    <Project Path="Shared/Patterns/Workflow.Tests/Usm.Shared.Patterns.Workflow.Tests.csproj" />
  </Folder>
  <Folder Name="/Shared/Patterns/Workflow/">
    <Project Path="Shared/Patterns/Workflow/Usm.Shared.Patterns.Workflow.csproj" />
  </Folder>
  <Folder Name="/Shared/Patterns/Sidecar.Benchmarks/">
    <Project Path="Shared/Patterns/Sidecar.Benchmarks/Usm.Shared.Patterns.Sidecar.Benchmarks.csproj" />
  </Folder>
  <Folder Name="/Shared/Patterns/Sidecar.Tests/">
    <Project Path="Shared/Patterns/Sidecar.Tests/Usm.Shared.Patterns.Sidecar.Tests.csproj" />
  </Folder>
  <Folder Name="/Shared/Patterns/Sidecar/">
    <Project Path="Shared/Patterns/Sidecar/Usm.Shared.Patterns.Sidecar.csproj" />
  </Folder>
  <Folder Name="/Shared/Reflection/" />
  <Folder Name="/Shared/Reflection/AssemblyScanning/">
    <Project Path="Shared/Reflection/AssemblyScanning/Usm.Shared.Reflection.AssemblyScanning.csproj" />
  </Folder>
  <Folder Name="/Shared/Reflection/ClrEfTypeMapping/">
    <Project Path="Shared/Reflection/ClrEfTypeMapping/Usm.Shared.Reflection.ClrEfTypeMapping.csproj" />
  </Folder>
  <Folder Name="/Shared/Reflection/OpenXmlTypeConversion/">
    <Project Path="Shared/Reflection/OpenXmlTypeConversion/Usm.Shared.Reflection.OpenXmlTypeConversion.csproj" />
  </Folder>
  <Folder Name="/Shared/Utils/" />
  <Folder Name="/Shared/Utils/Core/">
    <Project Path="Shared/Utils/Core/Usm.Shared.Utils.Core.csproj" />
  </Folder>
  <Folder Name="/Shared/Utils/Excel/">
  </Folder>
  <Folder Name="/Shared/Utils/Excel/Reader/">
    <Project Path="Shared/Utils/Excel/Reader/Usm.Shared.Utils.Excel.Reader.csproj" />
  </Folder>
  <Folder Name="/Shared/Utils/Excel/Reader.Tests/">
    <Project Path="Shared/Utils/Excel/Reader.Tests/Usm.Shared.Utils.Excel.Reader.Tests.csproj" />
  </Folder>
  <Folder Name="/Shared/Utils/Excel/Writer/">
    <Project Path="Shared/Utils/Excel/Writer/Usm.Shared.Utils.Excel.Writer.csproj" />
  </Folder>
  <Folder Name="/Shared/Utils/Excel/Writer.Tests/">
    <Project Path="Shared/Utils/Excel/Writer.Tests/Usm.Shared.Utils.Excel.Writer.Tests.csproj" />
  </Folder>
  <Folder Name="/Shared/Utils/FileSystem/">
    <Project Path="Shared/Utils/FileSystem/Usm.Shared.Utils.FileSystem.csproj" />
  </Folder>
  <Folder Name="/Shared/Utils/Http/">
    <Project Path="Shared/Utils/Http/Usm.Shared.Utils.Http.csproj" />
  </Folder>
  <Folder Name="/Shared/Utils/Regex/">
    <Project Path="Shared/Utils/Regex/Usm.Shared.Utils.Regex.csproj" />
  </Folder>
  <Folder Name="/Solution Items/">
    <File Path=".env.example" />
    <File Path=".env" />
    <File Path="Directory.Build.props" />
    <File Path="Directory.Packages.props" />
    <File Path="docker-compose.yml" />
  </Folder>
  <Project Path="AppHost/Usm.Inventory.MonoRepo.AppHost.csproj" />
  <Project Path="Gateway/ApiGateway/ApiGateway.csproj" />
  <Project Path="ServiceDefaults/Usm.Inventory.MonoRepo.ServiceDefaults.csproj" />
</Solution>
